
Microsoft Visual Studio Solution File, Format Version 12.00
# Visual Studio 15
VisualStudioVersion = 15.0.26403.7
MinimumVisualStudioVersion = 10.0.40219.1
Project("{FAE04EC0-301F-11D3-BF4B-00C04F79EFBC}") = "Lab02.Android", "Lab02\Lab02.Android\Lab02.Android.csproj", "{6A024FE5-9AF6-4EE1-9D29-4848424265F5}"
EndProject
Project("{FAE04EC0-301F-11D3-BF4B-00C04F79EFBC}") = "Lab02", "Lab02\Lab02\Lab02.csproj", "{3D54244B-84D7-4387-A5AE-979E50E5D567}"
EndProject
Project("{FAE04EC0-301F-11D3-BF4B-00C04F79EFBC}") = "Lab02.UWP", "Lab02\Lab02.UWP\Lab02.UWP.csproj", "{541DB201-74C5-4C2B-9936-63F1506A1844}"
EndProject
Project("{FAE04EC0-301F-11D3-BF4B-00C04F79EFBC}") = "Lab02.iOS", "Lab02\Lab02.iOS\Lab02.iOS.csproj", "{491EF3D3-F714-4B39-BC79-969CB464299E}"
EndProject
Global
	GlobalSection(SolutionConfigurationPlatforms) = preSolution
		Ad-Hoc|Any CPU = Ad-Hoc|Any CPU
		Ad-Hoc|ARM = Ad-Hoc|ARM
		Ad-Hoc|iPhone = Ad-Hoc|iPhone
		Ad-Hoc|iPhoneSimulator = Ad-Hoc|iPhoneSimulator
		Ad-Hoc|x64 = Ad-Hoc|x64
		Ad-Hoc|x86 = Ad-Hoc|x86
		AppStore|Any CPU = AppStore|Any CPU
		AppStore|ARM = AppStore|ARM
		AppStore|iPhone = AppStore|iPhone
		AppStore|iPhoneSimulator = AppStore|iPhoneSimulator
		AppStore|x64 = AppStore|x64
		AppStore|x86 = AppStore|x86
		Debug|Any CPU = Debug|Any CPU
		Debug|ARM = Debug|ARM
		Debug|iPhone = Debug|iPhone
		Debug|iPhoneSimulator = Debug|iPhoneSimulator
		Debug|x64 = Debug|x64
		Debug|x86 = Debug|x86
		Release|Any CPU = Release|Any CPU
		Release|ARM = Release|ARM
		Release|iPhone = Release|iPhone
		Release|iPhoneSimulator = Release|iPhoneSimulator
		Release|x64 = Release|x64
		Release|x86 = Release|x86
	EndGlobalSection
	GlobalSection(ProjectConfigurationPlatforms) = postSolution
		{6A024FE5-9AF6-4EE1-9D29-4848424265F5}.Ad-Hoc|Any CPU.ActiveCfg = Release|Any CPU
		{6A024FE5-9AF6-4EE1-9D29-4848424265F5}.Ad-Hoc|Any CPU.Build.0 = Release|Any CPU
		{6A024FE5-9AF6-4EE1-9D29-4848424265F5}.Ad-Hoc|Any CPU.Deploy.0 = Release|Any CPU
		{6A024FE5-9AF6-4EE1-9D29-4848424265F5}.Ad-Hoc|ARM.ActiveCfg = Release|Any CPU
		{6A024FE5-9AF6-4EE1-9D29-4848424265F5}.Ad-Hoc|ARM.Build.0 = Release|Any CPU
		{6A024FE5-9AF6-4EE1-9D29-4848424265F5}.Ad-Hoc|ARM.Deploy.0 = Release|Any CPU
		{6A024FE5-9AF6-4EE1-9D29-4848424265F5}.Ad-Hoc|iPhone.ActiveCfg = Release|Any CPU
		{6A024FE5-9AF6-4EE1-9D29-4848424265F5}.Ad-Hoc|iPhone.Build.0 = Release|Any CPU
		{6A024FE5-9AF6-4EE1-9D29-4848424265F5}.Ad-Hoc|iPhone.Deploy.0 = Release|Any CPU
		{6A024FE5-9AF6-4EE1-9D29-4848424265F5}.Ad-Hoc|iPhoneSimulator.ActiveCfg = Release|Any CPU
		{6A024FE5-9AF6-4EE1-9D29-4848424265F5}.Ad-Hoc|iPhoneSimulator.Build.0 = Release|Any CPU
		{6A024FE5-9AF6-4EE1-9D29-4848424265F5}.Ad-Hoc|iPhoneSimulator.Deploy.0 = Release|Any CPU
		{6A024FE5-9AF6-4EE1-9D29-4848424265F5}.Ad-Hoc|x64.ActiveCfg = Release|Any CPU
		{6A024FE5-9AF6-4EE1-9D29-4848424265F5}.Ad-Hoc|x64.Build.0 = Release|Any CPU
		{6A024FE5-9AF6-4EE1-9D29-4848424265F5}.Ad-Hoc|x64.Deploy.0 = Release|Any CPU
		{6A024FE5-9AF6-4EE1-9D29-4848424265F5}.Ad-Hoc|x86.ActiveCfg = Release|Any CPU
		{6A024FE5-9AF6-4EE1-9D29-4848424265F5}.Ad-Hoc|x86.Build.0 = Release|Any CPU
		{6A024FE5-9AF6-4EE1-9D29-4848424265F5}.Ad-Hoc|x86.Deploy.0 = Release|Any CPU
		{6A024FE5-9AF6-4EE1-9D29-4848424265F5}.AppStore|Any CPU.ActiveCfg = Release|Any CPU
		{6A024FE5-9AF6-4EE1-9D29-4848424265F5}.AppStore|Any CPU.Build.0 = Release|Any CPU
		{6A024FE5-9AF6-4EE1-9D29-4848424265F5}.AppStore|Any CPU.Deploy.0 = Release|Any CPU
		{6A024FE5-9AF6-4EE1-9D29-4848424265F5}.AppStore|ARM.ActiveCfg = Release|Any CPU
		{6A024FE5-9AF6-4EE1-9D29-4848424265F5}.AppStore|ARM.Build.0 = Release|Any CPU
		{6A024FE5-9AF6-4EE1-9D29-4848424265F5}.AppStore|ARM.Deploy.0 = Release|Any CPU
		{6A024FE5-9AF6-4EE1-9D29-4848424265F5}.AppStore|iPhone.ActiveCfg = Release|Any CPU
		{6A024FE5-9AF6-4EE1-9D29-4848424265F5}.AppStore|iPhone.Build.0 = Release|Any CPU
		{6A024FE5-9AF6-4EE1-9D29-4848424265F5}.AppStore|iPhone.Deploy.0 = Release|Any CPU
		{6A024FE5-9AF6-4EE1-9D29-4848424265F5}.AppStore|iPhoneSimulator.ActiveCfg = Release|Any CPU
		{6A024FE5-9AF6-4EE1-9D29-4848424265F5}.AppStore|iPhoneSimulator.Build.0 = Release|Any CPU
		{6A024FE5-9AF6-4EE1-9D29-4848424265F5}.AppStore|iPhoneSimulator.Deploy.0 = Release|Any CPU
		{6A024FE5-9AF6-4EE1-9D29-4848424265F5}.AppStore|x64.ActiveCfg = Release|Any CPU
		{6A024FE5-9AF6-4EE1-9D29-4848424265F5}.AppStore|x64.Build.0 = Release|Any CPU
		{6A024FE5-9AF6-4EE1-9D29-4848424265F5}.AppStore|x64.Deploy.0 = Release|Any CPU
		{6A024FE5-9AF6-4EE1-9D29-4848424265F5}.AppStore|x86.ActiveCfg = Release|Any CPU
		{6A024FE5-9AF6-4EE1-9D29-4848424265F5}.AppStore|x86.Build.0 = Release|Any CPU
		{6A024FE5-9AF6-4EE1-9D29-4848424265F5}.AppStore|x86.Deploy.0 = Release|Any CPU
		{6A024FE5-9AF6-4EE1-9D29-4848424265F5}.Debug|Any CPU.ActiveCfg = Debug|Any CPU
		{6A024FE5-9AF6-4EE1-9D29-4848424265F5}.Debug|Any CPU.Build.0 = Debug|Any CPU
		{6A024FE5-9AF6-4EE1-9D29-4848424265F5}.Debug|Any CPU.Deploy.0 = Debug|Any CPU
		{6A024FE5-9AF6-4EE1-9D29-4848424265F5}.Debug|ARM.ActiveCfg = Debug|Any CPU
		{6A024FE5-9AF6-4EE1-9D29-4848424265F5}.Debug|ARM.Build.0 = Debug|Any CPU
		{6A024FE5-9AF6-4EE1-9D29-4848424265F5}.Debug|ARM.Deploy.0 = Debug|Any CPU
		{6A024FE5-9AF6-4EE1-9D29-4848424265F5}.Debug|iPhone.ActiveCfg = Debug|Any CPU
		{6A024FE5-9AF6-4EE1-9D29-4848424265F5}.Debug|iPhone.Build.0 = Debug|Any CPU
		{6A024FE5-9AF6-4EE1-9D29-4848424265F5}.Debug|iPhone.Deploy.0 = Debug|Any CPU
		{6A024FE5-9AF6-4EE1-9D29-4848424265F5}.Debug|iPhoneSimulator.ActiveCfg = Debug|Any CPU
		{6A024FE5-9AF6-4EE1-9D29-4848424265F5}.Debug|iPhoneSimulator.Build.0 = Debug|Any CPU
		{6A024FE5-9AF6-4EE1-9D29-4848424265F5}.Debug|iPhoneSimulator.Deploy.0 = Debug|Any CPU
		{6A024FE5-9AF6-4EE1-9D29-4848424265F5}.Debug|x64.ActiveCfg = Debug|Any CPU
		{6A024FE5-9AF6-4EE1-9D29-4848424265F5}.Debug|x64.Build.0 = Debug|Any CPU
		{6A024FE5-9AF6-4EE1-9D29-4848424265F5}.Debug|x64.Deploy.0 = Debug|Any CPU
		{6A024FE5-9AF6-4EE1-9D29-4848424265F5}.Debug|x86.ActiveCfg = Debug|Any CPU
		{6A024FE5-9AF6-4EE1-9D29-4848424265F5}.Debug|x86.Build.0 = Debug|Any CPU
		{6A024FE5-9AF6-4EE1-9D29-4848424265F5}.Debug|x86.Deploy.0 = Debug|Any CPU
		{6A024FE5-9AF6-4EE1-9D29-4848424265F5}.Release|Any CPU.ActiveCfg = Release|Any CPU
		{6A024FE5-9AF6-4EE1-9D29-4848424265F5}.Release|Any CPU.Build.0 = Release|Any CPU
		{6A024FE5-9AF6-4EE1-9D29-4848424265F5}.Release|Any CPU.Deploy.0 = Release|Any CPU
		{6A024FE5-9AF6-4EE1-9D29-4848424265F5}.Release|ARM.ActiveCfg = Release|Any CPU
		{6A024FE5-9AF6-4EE1-9D29-4848424265F5}.Release|ARM.Build.0 = Release|Any CPU
		{6A024FE5-9AF6-4EE1-9D29-4848424265F5}.Release|ARM.Deploy.0 = Release|Any CPU
		{6A024FE5-9AF6-4EE1-9D29-4848424265F5}.Release|iPhone.ActiveCfg = Release|Any CPU
		{6A024FE5-9AF6-4EE1-9D29-4848424265F5}.Release|iPhone.Build.0 = Release|Any CPU
		{6A024FE5-9AF6-4EE1-9D29-4848424265F5}.Release|iPhone.Deploy.0 = Release|Any CPU
		{6A024FE5-9AF6-4EE1-9D29-4848424265F5}.Release|iPhoneSimulator.ActiveCfg = Release|Any CPU
		{6A024FE5-9AF6-4EE1-9D29-4848424265F5}.Release|iPhoneSimulator.Build.0 = Release|Any CPU
		{6A024FE5-9AF6-4EE1-9D29-4848424265F5}.Release|iPhoneSimulator.Deploy.0 = Release|Any CPU
		{6A024FE5-9AF6-4EE1-9D29-4848424265F5}.Release|x64.ActiveCfg = Release|Any CPU
		{6A024FE5-9AF6-4EE1-9D29-4848424265F5}.Release|x64.Build.0 = Release|Any CPU
		{6A024FE5-9AF6-4EE1-9D29-4848424265F5}.Release|x64.Deploy.0 = Release|Any CPU
		{6A024FE5-9AF6-4EE1-9D29-4848424265F5}.Release|x86.ActiveCfg = Release|Any CPU
		{6A024FE5-9AF6-4EE1-9D29-4848424265F5}.Release|x86.Build.0 = Release|Any CPU
		{6A024FE5-9AF6-4EE1-9D29-4848424265F5}.Release|x86.Deploy.0 = Release|Any CPU
		{3D54244B-84D7-4387-A5AE-979E50E5D567}.Ad-Hoc|Any CPU.ActiveCfg = Release|Any CPU
		{3D54244B-84D7-4387-A5AE-979E50E5D567}.Ad-Hoc|Any CPU.Build.0 = Release|Any CPU
		{3D54244B-84D7-4387-A5AE-979E50E5D567}.Ad-Hoc|ARM.ActiveCfg = Release|Any CPU
		{3D54244B-84D7-4387-A5AE-979E50E5D567}.Ad-Hoc|ARM.Build.0 = Release|Any CPU
		{3D54244B-84D7-4387-A5AE-979E50E5D567}.Ad-Hoc|iPhone.ActiveCfg = Release|Any CPU
		{3D54244B-84D7-4387-A5AE-979E50E5D567}.Ad-Hoc|iPhone.Build.0 = Release|Any CPU
		{3D54244B-84D7-4387-A5AE-979E50E5D567}.Ad-Hoc|iPhoneSimulator.ActiveCfg = Release|Any CPU
		{3D54244B-84D7-4387-A5AE-979E50E5D567}.Ad-Hoc|iPhoneSimulator.Build.0 = Release|Any CPU
		{3D54244B-84D7-4387-A5AE-979E50E5D567}.Ad-Hoc|x64.ActiveCfg = Release|Any CPU
		{3D54244B-84D7-4387-A5AE-979E50E5D567}.Ad-Hoc|x64.Build.0 = Release|Any CPU
		{3D54244B-84D7-4387-A5AE-979E50E5D567}.Ad-Hoc|x86.ActiveCfg = Release|Any CPU
		{3D54244B-84D7-4387-A5AE-979E50E5D567}.Ad-Hoc|x86.Build.0 = Release|Any CPU
		{3D54244B-84D7-4387-A5AE-979E50E5D567}.AppStore|Any CPU.ActiveCfg = Release|Any CPU
		{3D54244B-84D7-4387-A5AE-979E50E5D567}.AppStore|Any CPU.Build.0 = Release|Any CPU
		{3D54244B-84D7-4387-A5AE-979E50E5D567}.AppStore|ARM.ActiveCfg = Release|Any CPU
		{3D54244B-84D7-4387-A5AE-979E50E5D567}.AppStore|ARM.Build.0 = Release|Any CPU
		{3D54244B-84D7-4387-A5AE-979E50E5D567}.AppStore|iPhone.ActiveCfg = Release|Any CPU
		{3D54244B-84D7-4387-A5AE-979E50E5D567}.AppStore|iPhone.Build.0 = Release|Any CPU
		{3D54244B-84D7-4387-A5AE-979E50E5D567}.AppStore|iPhoneSimulator.ActiveCfg = Release|Any CPU
		{3D54244B-84D7-4387-A5AE-979E50E5D567}.AppStore|iPhoneSimulator.Build.0 = Release|Any CPU
		{3D54244B-84D7-4387-A5AE-979E50E5D567}.AppStore|x64.ActiveCfg = Release|Any CPU
		{3D54244B-84D7-4387-A5AE-979E50E5D567}.AppStore|x64.Build.0 = Release|Any CPU
		{3D54244B-84D7-4387-A5AE-979E50E5D567}.AppStore|x86.ActiveCfg = Release|Any CPU
		{3D54244B-84D7-4387-A5AE-979E50E5D567}.AppStore|x86.Build.0 = Release|Any CPU
		{3D54244B-84D7-4387-A5AE-979E50E5D567}.Debug|Any CPU.ActiveCfg = Debug|Any CPU
		{3D54244B-84D7-4387-A5AE-979E50E5D567}.Debug|Any CPU.Build.0 = Debug|Any CPU
		{3D54244B-84D7-4387-A5AE-979E50E5D567}.Debug|ARM.ActiveCfg = Debug|Any CPU
		{3D54244B-84D7-4387-A5AE-979E50E5D567}.Debug|ARM.Build.0 = Debug|Any CPU
		{3D54244B-84D7-4387-A5AE-979E50E5D567}.Debug|iPhone.ActiveCfg = Debug|Any CPU
		{3D54244B-84D7-4387-A5AE-979E50E5D567}.Debug|iPhone.Build.0 = Debug|Any CPU
		{3D54244B-84D7-4387-A5AE-979E50E5D567}.Debug|iPhoneSimulator.ActiveCfg = Debug|Any CPU
		{3D54244B-84D7-4387-A5AE-979E50E5D567}.Debug|iPhoneSimulator.Build.0 = Debug|Any CPU
		{3D54244B-84D7-4387-A5AE-979E50E5D567}.Debug|x64.ActiveCfg = Debug|Any CPU
		{3D54244B-84D7-4387-A5AE-979E50E5D567}.Debug|x64.Build.0 = Debug|Any CPU
		{3D54244B-84D7-4387-A5AE-979E50E5D567}.Debug|x86.ActiveCfg = Debug|Any CPU
		{3D54244B-84D7-4387-A5AE-979E50E5D567}.Debug|x86.Build.0 = Debug|Any CPU
		{3D54244B-84D7-4387-A5AE-979E50E5D567}.Release|Any CPU.ActiveCfg = Release|Any CPU
		{3D54244B-84D7-4387-A5AE-979E50E5D567}.Release|Any CPU.Build.0 = Release|Any CPU
		{3D54244B-84D7-4387-A5AE-979E50E5D567}.Release|ARM.ActiveCfg = Release|Any CPU
		{3D54244B-84D7-4387-A5AE-979E50E5D567}.Release|ARM.Build.0 = Release|Any CPU
		{3D54244B-84D7-4387-A5AE-979E50E5D567}.Release|iPhone.ActiveCfg = Release|Any CPU
		{3D54244B-84D7-4387-A5AE-979E50E5D567}.Release|iPhone.Build.0 = Release|Any CPU
		{3D54244B-84D7-4387-A5AE-979E50E5D567}.Release|iPhoneSimulator.ActiveCfg = Release|Any CPU
		{3D54244B-84D7-4387-A5AE-979E50E5D567}.Release|iPhoneSimulator.Build.0 = Release|Any CPU
		{3D54244B-84D7-4387-A5AE-979E50E5D567}.Release|x64.ActiveCfg = Release|Any CPU
		{3D54244B-84D7-4387-A5AE-979E50E5D567}.Release|x64.Build.0 = Release|Any CPU
		{3D54244B-84D7-4387-A5AE-979E50E5D567}.Release|x86.ActiveCfg = Release|Any CPU
		{3D54244B-84D7-4387-A5AE-979E50E5D567}.Release|x86.Build.0 = Release|Any CPU
		{541DB201-74C5-4C2B-9936-63F1506A1844}.Ad-Hoc|Any CPU.ActiveCfg = Release|x86
		{541DB201-74C5-4C2B-9936-63F1506A1844}.Ad-Hoc|Any CPU.Build.0 = Release|x86
		{541DB201-74C5-4C2B-9936-63F1506A1844}.Ad-Hoc|Any CPU.Deploy.0 = Release|x86
		{541DB201-74C5-4C2B-9936-63F1506A1844}.Ad-Hoc|ARM.ActiveCfg = Release|ARM
		{541DB201-74C5-4C2B-9936-63F1506A1844}.Ad-Hoc|ARM.Build.0 = Release|ARM
		{541DB201-74C5-4C2B-9936-63F1506A1844}.Ad-Hoc|ARM.Deploy.0 = Release|ARM
		{541DB201-74C5-4C2B-9936-63F1506A1844}.Ad-Hoc|iPhone.ActiveCfg = Release|x86
		{541DB201-74C5-4C2B-9936-63F1506A1844}.Ad-Hoc|iPhone.Build.0 = Release|x86
		{541DB201-74C5-4C2B-9936-63F1506A1844}.Ad-Hoc|iPhone.Deploy.0 = Release|x86
		{541DB201-74C5-4C2B-9936-63F1506A1844}.Ad-Hoc|iPhoneSimulator.ActiveCfg = Release|x86
		{541DB201-74C5-4C2B-9936-63F1506A1844}.Ad-Hoc|iPhoneSimulator.Build.0 = Release|x86
		{541DB201-74C5-4C2B-9936-63F1506A1844}.Ad-Hoc|iPhoneSimulator.Deploy.0 = Release|x86
		{541DB201-74C5-4C2B-9936-63F1506A1844}.Ad-Hoc|x64.ActiveCfg = Release|x64
		{541DB201-74C5-4C2B-9936-63F1506A1844}.Ad-Hoc|x64.Build.0 = Release|x64
		{541DB201-74C5-4C2B-9936-63F1506A1844}.Ad-Hoc|x64.Deploy.0 = Release|x64
		{541DB201-74C5-4C2B-9936-63F1506A1844}.Ad-Hoc|x86.ActiveCfg = Release|x86
		{541DB201-74C5-4C2B-9936-63F1506A1844}.Ad-Hoc|x86.Build.0 = Release|x86
		{541DB201-74C5-4C2B-9936-63F1506A1844}.Ad-Hoc|x86.Deploy.0 = Release|x86
		{541DB201-74C5-4C2B-9936-63F1506A1844}.AppStore|Any CPU.ActiveCfg = Release|x86
		{541DB201-74C5-4C2B-9936-63F1506A1844}.AppStore|Any CPU.Build.0 = Release|x86
		{541DB201-74C5-4C2B-9936-63F1506A1844}.AppStore|Any CPU.Deploy.0 = Release|x86
		{541DB201-74C5-4C2B-9936-63F1506A1844}.AppStore|ARM.ActiveCfg = Release|ARM
		{541DB201-74C5-4C2B-9936-63F1506A1844}.AppStore|ARM.Build.0 = Release|ARM
		{541DB201-74C5-4C2B-9936-63F1506A1844}.AppStore|ARM.Deploy.0 = Release|ARM
		{541DB201-74C5-4C2B-9936-63F1506A1844}.AppStore|iPhone.ActiveCfg = Release|x86
		{541DB201-74C5-4C2B-9936-63F1506A1844}.AppStore|iPhone.Build.0 = Release|x86
		{541DB201-74C5-4C2B-9936-63F1506A1844}.AppStore|iPhone.Deploy.0 = Release|x86
		{541DB201-74C5-4C2B-9936-63F1506A1844}.AppStore|iPhoneSimulator.ActiveCfg = Release|x86
		{541DB201-74C5-4C2B-9936-63F1506A1844}.AppStore|iPhoneSimulator.Build.0 = Release|x86
		{541DB201-74C5-4C2B-9936-63F1506A1844}.AppStore|iPhoneSimulator.Deploy.0 = Release|x86
		{541DB201-74C5-4C2B-9936-63F1506A1844}.AppStore|x64.ActiveCfg = Release|x64
		{541DB201-74C5-4C2B-9936-63F1506A1844}.AppStore|x64.Build.0 = Release|x64
		{541DB201-74C5-4C2B-9936-63F1506A1844}.AppStore|x64.Deploy.0 = Release|x64
		{541DB201-74C5-4C2B-9936-63F1506A1844}.AppStore|x86.ActiveCfg = Release|x86
		{541DB201-74C5-4C2B-9936-63F1506A1844}.AppStore|x86.Build.0 = Release|x86
		{541DB201-74C5-4C2B-9936-63F1506A1844}.AppStore|x86.Deploy.0 = Release|x86
		{541DB201-74C5-4C2B-9936-63F1506A1844}.Debug|Any CPU.ActiveCfg = Debug|x86
		{541DB201-74C5-4C2B-9936-63F1506A1844}.Debug|ARM.ActiveCfg = Debug|ARM
		{541DB201-74C5-4C2B-9936-63F1506A1844}.Debug|ARM.Build.0 = Debug|ARM
		{541DB201-74C5-4C2B-9936-63F1506A1844}.Debug|ARM.Deploy.0 = Debug|ARM
		{541DB201-74C5-4C2B-9936-63F1506A1844}.Debug|iPhone.ActiveCfg = Debug|x86
		{541DB201-74C5-4C2B-9936-63F1506A1844}.Debug|iPhoneSimulator.ActiveCfg = Debug|x86
		{541DB201-74C5-4C2B-9936-63F1506A1844}.Debug|x64.ActiveCfg = Debug|x64
		{541DB201-74C5-4C2B-9936-63F1506A1844}.Debug|x64.Build.0 = Debug|x64
		{541DB201-74C5-4C2B-9936-63F1506A1844}.Debug|x64.Deploy.0 = Debug|x64
		{541DB201-74C5-4C2B-9936-63F1506A1844}.Debug|x86.ActiveCfg = Debug|x86
		{541DB201-74C5-4C2B-9936-63F1506A1844}.Debug|x86.Build.0 = Debug|x86
		{541DB201-74C5-4C2B-9936-63F1506A1844}.Debug|x86.Deploy.0 = Debug|x86
		{541DB201-74C5-4C2B-9936-63F1506A1844}.Release|Any CPU.ActiveCfg = Release|x86
		{541DB201-74C5-4C2B-9936-63F1506A1844}.Release|ARM.ActiveCfg = Release|ARM
		{541DB201-74C5-4C2B-9936-63F1506A1844}.Release|ARM.Build.0 = Release|ARM
		{541DB201-74C5-4C2B-9936-63F1506A1844}.Release|ARM.Deploy.0 = Release|ARM
		{541DB201-74C5-4C2B-9936-63F1506A1844}.Release|iPhone.ActiveCfg = Release|x86
		{541DB201-74C5-4C2B-9936-63F1506A1844}.Release|iPhoneSimulator.ActiveCfg = Release|x86
		{541DB201-74C5-4C2B-9936-63F1506A1844}.Release|x64.ActiveCfg = Release|x64
		{541DB201-74C5-4C2B-9936-63F1506A1844}.Release|x64.Build.0 = Release|x64
		{541DB201-74C5-4C2B-9936-63F1506A1844}.Release|x64.Deploy.0 = Release|x64
		{541DB201-74C5-4C2B-9936-63F1506A1844}.Release|x86.ActiveCfg = Release|x86
		{541DB201-74C5-4C2B-9936-63F1506A1844}.Release|x86.Build.0 = Release|x86
		{541DB201-74C5-4C2B-9936-63F1506A1844}.Release|x86.Deploy.0 = Release|x86
		{491EF3D3-F714-4B39-BC79-969CB464299E}.Ad-Hoc|Any CPU.ActiveCfg = Ad-Hoc|iPhone
		{491EF3D3-F714-4B39-BC79-969CB464299E}.Ad-Hoc|ARM.ActiveCfg = Ad-Hoc|iPhone
		{491EF3D3-F714-4B39-BC79-969CB464299E}.Ad-Hoc|iPhone.ActiveCfg = Ad-Hoc|iPhone
		{491EF3D3-F714-4B39-BC79-969CB464299E}.Ad-Hoc|iPhone.Build.0 = Ad-Hoc|iPhone
		{491EF3D3-F714-4B39-BC79-969CB464299E}.Ad-Hoc|iPhoneSimulator.ActiveCfg = Ad-Hoc|iPhoneSimulator
		{491EF3D3-F714-4B39-BC79-969CB464299E}.Ad-Hoc|iPhoneSimulator.Build.0 = Ad-Hoc|iPhoneSimulator
		{491EF3D3-F714-4B39-BC79-969CB464299E}.Ad-Hoc|x64.ActiveCfg = Ad-Hoc|iPhone
		{491EF3D3-F714-4B39-BC79-969CB464299E}.Ad-Hoc|x86.ActiveCfg = Ad-Hoc|iPhone
		{491EF3D3-F714-4B39-BC79-969CB464299E}.AppStore|Any CPU.ActiveCfg = AppStore|iPhone
		{491EF3D3-F714-4B39-BC79-969CB464299E}.AppStore|ARM.ActiveCfg = AppStore|iPhone
		{491EF3D3-F714-4B39-BC79-969CB464299E}.AppStore|iPhone.ActiveCfg = AppStore|iPhone
		{491EF3D3-F714-4B39-BC79-969CB464299E}.AppStore|iPhone.Build.0 = AppStore|iPhone
		{491EF3D3-F714-4B39-BC79-969CB464299E}.AppStore|iPhoneSimulator.ActiveCfg = AppStore|iPhoneSimulator
		{491EF3D3-F714-4B39-BC79-969CB464299E}.AppStore|iPhoneSimulator.Build.0 = AppStore|iPhoneSimulator
		{491EF3D3-F714-4B39-BC79-969CB464299E}.AppStore|x64.ActiveCfg = AppStore|iPhone
		{491EF3D3-F714-4B39-BC79-969CB464299E}.AppStore|x86.ActiveCfg = AppStore|iPhone
		{491EF3D3-F714-4B39-BC79-969CB464299E}.Debug|Any CPU.ActiveCfg = Debug|iPhone
		{491EF3D3-F714-4B39-BC79-969CB464299E}.Debug|ARM.ActiveCfg = Debug|iPhone
		{491EF3D3-F714-4B39-BC79-969CB464299E}.Debug|iPhone.ActiveCfg = Debug|iPhone
		{491EF3D3-F714-4B39-BC79-969CB464299E}.Debug|iPhone.Build.0 = Debug|iPhone
		{491EF3D3-F714-4B39-BC79-969CB464299E}.Debug|iPhoneSimulator.ActiveCfg = Debug|iPhoneSimulator
		{491EF3D3-F714-4B39-BC79-969CB464299E}.Debug|iPhoneSimulator.Build.0 = Debug|iPhoneSimulator
		{491EF3D3-F714-4B39-BC79-969CB464299E}.Debug|x64.ActiveCfg = Debug|iPhone
		{491EF3D3-F714-4B39-BC79-969CB464299E}.Debug|x86.ActiveCfg = Debug|iPhone
		{491EF3D3-F714-4B39-BC79-969CB464299E}.Release|Any CPU.ActiveCfg = Release|iPhone
		{491EF3D3-F714-4B39-BC79-969CB464299E}.Release|ARM.ActiveCfg = Release|iPhone
		{491EF3D3-F714-4B39-BC79-969CB464299E}.Release|iPhone.ActiveCfg = Release|iPhone
		{491EF3D3-F714-4B39-BC79-969CB464299E}.Release|iPhone.Build.0 = Release|iPhone
		{491EF3D3-F714-4B39-BC79-969CB464299E}.Release|iPhoneSimulator.ActiveCfg = Release|iPhoneSimulator
		{491EF3D3-F714-4B39-BC79-969CB464299E}.Release|iPhoneSimulator.Build.0 = Release|iPhoneSimulator
		{491EF3D3-F714-4B39-BC79-969CB464299E}.Release|x64.ActiveCfg = Release|iPhone
		{491EF3D3-F714-4B39-BC79-969CB464299E}.Release|x86.ActiveCfg = Release|iPhone
	EndGlobalSection
	GlobalSection(SolutionProperties) = preSolution
		HideSolutionNode = FALSE
	EndGlobalSection
EndGlobal
